// !$*UTF8*$!
{
	archiveVersion = 1;
	classes = {
	};
	objectVersion = 46;
	objects = {

/* Begin PBXBuildFile section */
		5BE4A8801ED316BF00DADA8F /* AppDelegate.swift in Sources */ = {isa = PBXBuildFile; fileRef = 5BE4A87F1ED316BF00DADA8F /* AppDelegate.swift */; };
		5BE4A8821ED316BF00DADA8F /* ViewController.swift in Sources */ = {isa = PBXBuildFile; fileRef = 5BE4A8811ED316BF00DADA8F /* ViewController.swift */; };
		5BE4A8851ED316C000DADA8F /* Main.storyboard in Resources */ = {isa = PBXBuildFile; fileRef = 5BE4A8831ED316C000DADA8F /* Main.storyboard */; };
		5BE4A8871ED316C000DADA8F /* Assets.xcassets in Resources */ = {isa = PBXBuildFile; fileRef = 5BE4A8861ED316C000DADA8F /* Assets.xcassets */; };
		5BE4A88A1ED316C000DADA8F /* LaunchScreen.storyboard in Resources */ = {isa = PBXBuildFile; fileRef = 5BE4A8881ED316C000DADA8F /* LaunchScreen.storyboard */; };
/* End PBXBuildFile section */

/* Begin PBXFileReference section */
		5BE4A87C1ED316BF00DADA8F /* 12.RPG.app */ = {isa = PBXFileReference; explicitFileType = wrapper.application; includeInIndex = 0; path = 12.RPG.app; sourceTree = BUILT_PRODUCTS_DIR; };
		5BE4A87F1ED316BF00DADA8F /* AppDelegate.swift */ = {isa = PBXFileReference; lastKnownFileType = sourcecode.swift; path = AppDelegate.swift; sourceTree = "<group>"; };
		5BE4A8811ED316BF00DADA8F /* ViewController.swift */ = {isa = PBXFileReference; lastKnownFileType = sourcecode.swift; path = ViewController.swift; sourceTree = "<group>"; };
		5BE4A8841ED316C000DADA8F /* Base */ = {isa = PBXFileReference; lastKnownFileType = file.storyboard; name = Base; path = Base.lproj/Main.storyboard; sourceTree = "<group>"; };
		5BE4A8861ED316C000DADA8F /* Assets.xcassets */ = {isa = PBXFileReference; lastKnownFileType = folder.assetcatalog; path = Assets.xcassets; sourceTree = "<group>"; };
		5BE4A8891ED316C000DADA8F /* Base */ = {isa = PBXFileReference; lastKnownFileType = file.storyboard; name = Base; path = Base.lproj/LaunchScreen.storyboard; sourceTree = "<group>"; };
		5BE4A88B1ED316C000DADA8F /* Info.plist */ = {isa = PBXFileReference; lastKnownFileType = text.plist.xml; path = Info.plist; sourceTree = "<group>"; };
/* End PBXFileReference section */

/* Begin PBXFrameworksBuildPhase section */
		5BE4A8791ED316BF00DADA8F /* Frameworks */ = {
			isa = PBXFrameworksBuildPhase;
			buildActionMask = 2147483647;
			files = (
			);
			runOnlyForDeploymentPostprocessing = 0;
		};
/* End PBXFrameworksBuildPhase section */

/* Begin PBXGroup section */
		5BE4A8731ED316BF00DADA8F = {
			isa = PBXGroup;
			children = (
				5BE4A87E1ED316BF00DADA8F /* 12.RPG */,
				5BE4A87D1ED316BF00DADA8F /* Products */,
			);
			sourceTree = "<group>";
		};
		5BE4A87D1ED316BF00DADA8F /* Products */ = {
			isa = PBXGroup;
			children = (
				5BE4A87C1ED316BF00DADA8F /* 12.RPG.app */,
			);
			name = Products;
			sourceTree = "<group>";
		};
		5BE4A87E1ED316BF00DADA8F /* 12.RPG */ = {
			isa = PBXGroup;
			children = (
				5BE4A87F1ED316BF00DADA8F /* AppDelegate.swift */,
				5BE4A8811ED316BF00DADA8F /* ViewController.swift */,
				5BE4A8831ED316C000DADA8F /* Main.storyboard */,
				5BE4A8861ED316C000DADA8F /* Assets.xcassets */,
				5BE4A8881ED316C000DADA8F /* LaunchScreen.storyboard */,
				5BE4A88B1ED316C000DADA8F /* Info.plist */,
			);
			path = 12.RPG;
			sourceTree = "<group>";
		};
/* End PBXGroup section */

/* Begin PBXNativeTarget section */
		5BE4A87B1ED316BF00DADA8F /* 12.RPG */ = {
			isa = PBXNativeTarget;
			buildConfigurationList = 5BE4A88E1ED316C000DADA8F /* Build configuration list for PBXNativeTarget "12.RPG" */;
			buildPhases = (
				5BE4A8781ED316BF00DADA8F /* Sources */,
				5BE4A8791ED316BF00DADA8F /* Frameworks */,
				5BE4A87A1ED316BF00DADA8F /* Resources */,
			);
			buildRules = (
			);
			dependencies = (
			);
			name = 12.RPG;
			productName = 12.RPG;
			productReference = 5BE4A87C1ED316BF00DADA8F /* 12.RPG.app */;
			productType = "com.apple.product-type.application";
		};
/* End PBXNativeTarget section */

/* Begin PBXProject section */
		5BE4A8741ED316BF00DADA8F /* Project object */ = {
			isa = PBXProject;
			attributes = {
				LastSwiftUpdateCheck = 0830;
				LastUpgradeCheck = 0830;
				ORGANIZATIONNAME = "Shuang Wu";
				TargetAttributes = {
					5BE4A87B1ED316BF00DADA8F = {
						CreatedOnToolsVersion = 8.3;
						DevelopmentTeam = X994EA75QF;
						ProvisioningStyle = Automatic;
					};
				};
			};
			buildConfigurationList = 5BE4A8771ED316BF00DADA8F /* Build configuration list for PBXProject "12.RPG" */;
			compatibilityVersion = "Xcode 3.2";
			developmentRegion = English;
			hasScannedForEncodings = 0;
			knownRegions = (
				en,
				Base,
			);
			mainGroup = 5BE4A8731ED316BF00DADA8F;
			productRefGroup = 5BE4A87D1ED316BF00DADA8F /* Products */;
			projectDirPath = "";
			projectRoot = "";
			targets = (
				5BE4A87B1ED316BF00DADA8F /* 12.RPG */,
			);
		};
/* End PBXProject section */

/* Begin PBXResourcesBuildPhase section */
		5BE4A87A1ED316BF00DADA8F /* Resources */ = {
			isa = PBXResourcesBuildPhase;
			buildActionMask = 2147483647;
			files = (
				5BE4A88A1ED316C000DADA8F /* LaunchScreen.storyboard in Resources */,
				5BE4A8871ED316C000DADA8F /* Assets.xcassets in Resources */,
				5BE4A8851ED316C000DADA8F /* Main.storyboard in Resources */,
			);
			runOnlyForDeploymentPostprocessing = 0;
		};
/* End PBXResourcesBuildPhase section */

/* Begin PBXSourcesBuildPhase section */
		5BE4A8781ED316BF00DADA8F /* Sources */ = {
			isa = PBXSourcesBuildPhase;
			buildActionMask = 2147483647;
			files = (
				5BE4A8821ED316BF00DADA8F /* ViewController.swift in Sources */,
				5BE4A8801ED316BF00DADA8F /* AppDelegate.swift in Sources */,
			);
			runOnlyForDeploymentPostprocessing = 0;
		};
/* End PBXSourcesBuildPhase section */

/* Begin PBXVariantGroup section */
		5BE4A8831ED316C000DADA8F /* Main.storyboard */ = {
			isa = PBXVariantGroup;
			children = (
				5BE4A8841ED316C000DADA8F /* Base */,
			);
			name = Main.storyboard;
			sourceTree = "<group>";
		};
		5BE4A8881ED316C000DADA8F /* LaunchScreen.storyboard */ = {
			isa = PBXVariantGroup;
			children = (
				5BE4A8891ED316C000DADA8F /* Base */,
			);
			name = LaunchScreen.storyboard;
			sourceTree = "<group>";
		};
/* End PBXVariantGroup section */

/* Begin XCBuildConfiguration section */
		5BE4A88C1ED316C000DADA8F /* Debug */ = {
			isa = XCBuildConfiguration;
			buildSettings = {
				ALWAYS_SEARCH_USER_PATHS = NO;
				CLANG_ANALYZER_NONNULL = YES;
				CLANG_ANALYZER_NUMBER_OBJECT_CONVERSION = YES_AGGRESSIVE;
				CLANG_CXX_LANGUAGE_STANDARD = "gnu++0x";
				CLANG_CXX_LIBRARY = "libc++";
				CLANG_ENABLE_MODULES = YES;
				CLANG_ENABLE_OBJC_ARC = YES;
				CLANG_WARN_BOOL_CONVERSION = YES;
				CLANG_WARN_CONSTANT_CONVERSION = YES;
				CLANG_WARN_DIRECT_OBJC_ISA_USAGE = YES_ERROR;
				CLANG_WARN_DOCUMENTATION_COMMENTS = YES;
				CLANG_WARN_EMPTY_BODY = YES;
				CLANG_WARN_ENUM_CONVERSION = YES;
				CLANG_WARN_INFINITE_RECURSION = YES;
				CLANG_WARN_INT_CONVERSION = YES;
				CLANG_WARN_OBJC_ROOT_CLASS = YES_ERROR;
				CLANG_WARN_SUSPICIOUS_MOVE = YES;
				CLANG_WARN_UNREACHABLE_CODE = YES;
				CLANG_WARN__DUPLICATE_METHOD_MATCH = YES;
				"CODE_SIGN_IDENTITY[sdk=iphoneos*]" = "iPhone Developer";
				COPY_PHASE_STRIP = NO;
				DEBUG_INFORMATION_FORMAT = dwarf;
				ENABLE_STRICT_OBJC_MSGSEND = YES;
				ENABLE_TESTABILITY = YES;
				GCC_C_LANGUAGE_STANDARD = gnu99;
				GCC_DYNAMIC_NO_PIC = NO;
				GCC_NO_COMMON_BLOCKS = YES;
				GCC_OPTIMIZATION_LEVEL = 0;
				GCC_PREPROCESSOR_DEFINITIONS = (
					"DEBUG=1",
					"$(inherited)",
				);
				GCC_WARN_64_TO_32_BIT_CONVERSION = YES;
				GCC_WARN_ABOUT_RETURN_TYPE = YES_ERROR;
				GCC_WARN_UNDECLARED_SELECTOR = YES;
				GCC_WARN_UNINITIALIZED_AUTOS = YES_AGGRESSIVE;
				GCC_WARN_UNUSED_FUNCTION = YES;
				GCC_WARN_UNUSED_VARIABLE = YES;
				IPHONEOS_DEPLOYMENT_TARGET = 10.3;
				MTL_ENABLE_DEBUG_INFO = YES;
				ONLY_ACTIVE_ARCH = YES;
				SDKROOT = iphoneos;
				SWIFT_ACTIVE_COMPILATION_CONDITIONS = DEBUG;
				SWIFT_OPTIMIZATION_LEVEL = "-Onone";
			};
			name = Debug;
		};
		5BE4A88D1ED316C000DADA8F /* Release */ = {
			isa = XCBuildConfiguration;
			buildSettings = {
				ALWAYS_SEARCH_USER_PATHS = NO;
				CLANG_ANALYZER_NONNULL = YES;
				CLANG_ANALYZER_NUMBER_OBJECT_CONVERSION = YES_AGGRESSIVE;
				CLANG_CXX_LANGUAGE_STANDARD = "gnu++0x";
				CLANG_CXX_LIBRARY = "libc++";
				CLANG_ENABLE_MODULES = YES;
				CLANG_ENABLE_OBJC_ARC = YES;
				CLANG_WARN_BOOL_CONVERSION = YES;
				CLANG_WARN_CONSTANT_CONVERSION = YES;
				CLANG_WARN_DIRECT_OBJC_ISA_USAGE = YES_ERROR;
				CLANG_WARN_DOCUMENTATION_COMMENTS = YES;
				CLANG_WARN_EMPTY_BODY = YES;
				CLANG_WARN_ENUM_CONVERSION = YES;
				CLANG_WARN_INFINITE_RECURSION = YES;
				CLANG_WARN_INT_CONVERSION = YES;
				CLANG_WARN_OBJC_ROOT_CLASS = YES_ERROR;
				CLANG_WARN_SUSPICIOUS_MOVE = YES;
				CLANG_WARN_UNREACHABLE_CODE = YES;
				CLANG_WARN__DUPLICATE_METHOD_MATCH = YES;
				"CODE_SIGN_IDENTITY[sdk=iphoneos*]" = "iPhone Developer";
				COPY_PHASE_STRIP = NO;
				DEBUG_INFORMATION_FORMAT = "dwarf-with-dsym";
				ENABLE_NS_ASSERTIONS = NO;
				ENABLE_STRICT_OBJC_MSGSEND = YES;
				GCC_C_LANGUAGE_STANDARD = gnu99;
				GCC_NO_COMMON_BLOCKS = YES;
				GCC_WARN_64_TO_32_BIT_CONVERSION = YES;
				GCC_WARN_ABOUT_RETURN_TYPE = YES_ERROR;
				GCC_WARN_UNDECLARED_SELECTOR = YES;
				GCC_WARN_UNINITIALIZED_AUTOS = YES_AGGRESSIVE;
				GCC_WARN_UNUSED_FUNCTION = YES;
				GCC_WARN_UNUSED_VARIABLE = YES;
				IPHONEOS_DEPLOYMENT_TARGET = 10.3;
				MTL_ENABLE_DEBUG_INFO = NO;
				SDKROOT = iphoneos;
				SWIFT_OPTIMIZATION_LEVEL = "-Owholemodule";
				VALIDATE_PRODUCT = YES;
			};
			name = Release;
		};
		5BE4A88F1ED316C000DADA8F /* Debug */ = {
			isa = XCBuildConfiguration;
			buildSettings = {
				ASSETCATALOG_COMPILER_APPICON_NAME = AppIcon;
				DEVELOPMENT_TEAM = X994EA75QF;
				INFOPLIST_FILE = 12.RPG/Info.plist;
				LD_RUNPATH_SEARCH_PATHS = "$(inherited) @executable_path/Frameworks";
				PRODUCT_BUNDLE_IDENTIFIER = "wushuangemma-inc.-2-RPG";
				PRODUCT_NAME = "$(TARGET_NAME)";
				SWIFT_VERSION = 3.0;
			};
			name = Debug;
		};
		5BE4A8901ED316C000DADA8F /* Release */ = {
			isa = XCBuildConfiguration;
			buildSettings = {
				ASSETCATALOG_COMPILER_APPICON_NAME = AppIcon;
				DEVELOPMENT_TEAM = X994EA75QF;
				INFOPLIST_FILE = 12.RPG/Info.plist;
				LD_RUNPATH_SEARCH_PATHS = "$(inherited) @executable_path/Frameworks";
				PRODUCT_BUNDLE_IDENTIFIER = "wushuangemma-inc.-2-RPG";
				PRODUCT_NAME = "$(TARGET_NAME)";
				SWIFT_VERSION = 3.0;
			};
			name = Release;
		};
/* End XCBuildConfiguration section */

/* Begin XCConfigurationList section */
		5BE4A8771ED316BF00DADA8F /* Build configuration list for PBXProject "12.RPG" */ = {
			isa = XCConfigurationList;
			buildConfigurations = (
				5BE4A88C1ED316C000DADA8F /* Debug */,
				5BE4A88D1ED316C000DADA8F /* Release */,
			);
			defaultConfigurationIsVisible = 0;
			defaultConfigurationName = Release;
		};
		5BE4A88E1ED316C000DADA8F /* Build configuration list for PBXNativeTarget "12.RPG" */ = {
			isa = XCConfigurationList;
			buildConfigurations = (
				5BE4A88F1ED316C000DADA8F /* Debug */,
				5BE4A8901ED316C000DADA8F /* Release */,
			);
			defaultConfigurationIsVisible = 0;
		};
/* End XCConfigurationList section */
	};
	rootObject = 5BE4A8741ED316BF00DADA8F /* Project object */;
}
